
Microsoft Visual Studio Solution File, Format Version 12.00
# Visual Studio 2013
VisualStudioVersion = 12.0.40629.0
MinimumVisualStudioVersion = 10.0.40219.1
Project("{FAE04EC0-301F-11D3-BF4B-00C04F79EFBC}") = "FINAL_LAB_2(FM)", "FINAL_LAB_2(FM)\FINAL_LAB_2(FM).csproj", "{4AC1E0B8-6BC1-4C47-85D9-0C2AD96764DB}"
EndProject
Global
	GlobalSection(SolutionConfigurationPlatforms) = preSolution
		Debug|Any CPU = Debug|Any CPU
		Release|Any CPU = Release|Any CPU
	EndGlobalSection
	GlobalSection(ProjectConfigurationPlatforms) = postSolution
		{4AC1E0B8-6BC1-4C47-85D9-0C2AD96764DB}.Debug|Any CPU.ActiveCfg = Debug|Any CPU
		{4AC1E0B8-6BC1-4C47-85D9-0C2AD96764DB}.Debug|Any CPU.Build.0 = Debug|Any CPU
		{4AC1E0B8-6BC1-4C47-85D9-0C2AD96764DB}.Release|Any CPU.ActiveCfg = Release|Any CPU
		{4AC1E0B8-6BC1-4C47-85D9-0C2AD96764DB}.Release|Any CPU.Build.0 = Release|Any CPU
	EndGlobalSection
	GlobalSection(SolutionProperties) = preSolution
		HideSolutionNode = FALSE
	EndGlobalSection
EndGlobal
